
Microsoft Visual Studio Solution File, Format Version 12.00
# Visual Studio Express 2012 for Windows Desktop
Project("{FAE04EC0-301F-11D3-BF4B-00C04F79EFBC}") = "Uppgift 3 (Tala till mig)", "Uppgift 3 (Tala till mig)\Uppgift 3 (Tala till mig).csproj", "{ADAC62C5-96FC-4B39-8D7E-C87B7584A0F4}"
EndProject
Global
	GlobalSection(SolutionConfigurationPlatforms) = preSolution
		Debug|Any CPU = Debug|Any CPU
		Release|Any CPU = Release|Any CPU
	EndGlobalSection
	GlobalSection(ProjectConfigurationPlatforms) = postSolution
		{ADAC62C5-96FC-4B39-8D7E-C87B7584A0F4}.Debug|Any CPU.ActiveCfg = Debug|Any CPU
		{ADAC62C5-96FC-4B39-8D7E-C87B7584A0F4}.Debug|Any CPU.Build.0 = Debug|Any CPU
		{ADAC62C5-96FC-4B39-8D7E-C87B7584A0F4}.Release|Any CPU.ActiveCfg = Release|Any CPU
		{ADAC62C5-96FC-4B39-8D7E-C87B7584A0F4}.Release|Any CPU.Build.0 = Release|Any CPU
	EndGlobalSection
	GlobalSection(SolutionProperties) = preSolution
		HideSolutionNode = FALSE
	EndGlobalSection
EndGlobal
